
Microsoft Visual Studio Solution File, Format Version 12.00
Project("{FAE04EC0-301F-11D3-BF4B-00C04F79EFBC}") = "ProcessEngine", "ProcessEngine\ProcessEngine.csproj", "{2CBC2F5A-6FCC-40DB-92A0-E5F7D825354B}"
EndProject
Global
	GlobalSection(SolutionConfigurationPlatforms) = preSolution
		Debug|Any CPU = Debug|Any CPU
		Release|Any CPU = Release|Any CPU
	EndGlobalSection
	GlobalSection(ProjectConfigurationPlatforms) = postSolution
		{2CBC2F5A-6FCC-40DB-92A0-E5F7D825354B}.Debug|Any CPU.ActiveCfg = Debug|Any CPU
		{2CBC2F5A-6FCC-40DB-92A0-E5F7D825354B}.Debug|Any CPU.Build.0 = Debug|Any CPU
		{2CBC2F5A-6FCC-40DB-92A0-E5F7D825354B}.Release|Any CPU.ActiveCfg = Release|Any CPU
		{2CBC2F5A-6FCC-40DB-92A0-E5F7D825354B}.Release|Any CPU.Build.0 = Release|Any CPU
	EndGlobalSection
EndGlobal
